
Microsoft Visual Studio Solution File, Format Version 12.00
# Visual Studio 2013
VisualStudioVersion = 12.0.21005.1
MinimumVisualStudioVersion = 10.0.40219.1
Project("{FAE04EC0-301F-11D3-BF4B-00C04F79EFBC}") = "QuanLyThuVien", "QuanLyThuVien\QuanLyThuVien.csproj", "{B599A891-B997-4AB9-A2A1-21AB409DF4D9}"
EndProject
Project("{FAE04EC0-301F-11D3-BF4B-00C04F79EFBC}") = "BUS", "BUS\BUS.csproj", "{8EF760ED-4F97-47E8-A95E-46A2F81624AA}"
EndProject
Project("{FAE04EC0-301F-11D3-BF4B-00C04F79EFBC}") = "DTO", "DTO\DTO.csproj", "{BFA3975E-4967-4C10-A0A9-37324CC6DCF6}"
EndProject
Project("{FAE04EC0-301F-11D3-BF4B-00C04F79EFBC}") = "DAO", "DAO\DAO.csproj", "{0EE2FABE-AC41-4E0F-BE49-DD87393E5B60}"
EndProject
Global
	GlobalSection(SolutionConfigurationPlatforms) = preSolution
		Debug|Any CPU = Debug|Any CPU
		Release|Any CPU = Release|Any CPU
	EndGlobalSection
	GlobalSection(ProjectConfigurationPlatforms) = postSolution
		{B599A891-B997-4AB9-A2A1-21AB409DF4D9}.Debug|Any CPU.ActiveCfg = Debug|Any CPU
		{B599A891-B997-4AB9-A2A1-21AB409DF4D9}.Debug|Any CPU.Build.0 = Debug|Any CPU
		{B599A891-B997-4AB9-A2A1-21AB409DF4D9}.Release|Any CPU.ActiveCfg = Release|Any CPU
		{B599A891-B997-4AB9-A2A1-21AB409DF4D9}.Release|Any CPU.Build.0 = Release|Any CPU
		{8EF760ED-4F97-47E8-A95E-46A2F81624AA}.Debug|Any CPU.ActiveCfg = Debug|Any CPU
		{8EF760ED-4F97-47E8-A95E-46A2F81624AA}.Debug|Any CPU.Build.0 = Debug|Any CPU
		{8EF760ED-4F97-47E8-A95E-46A2F81624AA}.Release|Any CPU.ActiveCfg = Release|Any CPU
		{8EF760ED-4F97-47E8-A95E-46A2F81624AA}.Release|Any CPU.Build.0 = Release|Any CPU
		{BFA3975E-4967-4C10-A0A9-37324CC6DCF6}.Debug|Any CPU.ActiveCfg = Debug|Any CPU
		{BFA3975E-4967-4C10-A0A9-37324CC6DCF6}.Debug|Any CPU.Build.0 = Debug|Any CPU
		{BFA3975E-4967-4C10-A0A9-37324CC6DCF6}.Release|Any CPU.ActiveCfg = Release|Any CPU
		{BFA3975E-4967-4C10-A0A9-37324CC6DCF6}.Release|Any CPU.Build.0 = Release|Any CPU
		{0EE2FABE-AC41-4E0F-BE49-DD87393E5B60}.Debug|Any CPU.ActiveCfg = Debug|Any CPU
		{0EE2FABE-AC41-4E0F-BE49-DD87393E5B60}.Debug|Any CPU.Build.0 = Debug|Any CPU
		{0EE2FABE-AC41-4E0F-BE49-DD87393E5B60}.Release|Any CPU.ActiveCfg = Release|Any CPU
		{0EE2FABE-AC41-4E0F-BE49-DD87393E5B60}.Release|Any CPU.Build.0 = Release|Any CPU
	EndGlobalSection
	GlobalSection(SolutionProperties) = preSolution
		HideSolutionNode = FALSE
	EndGlobalSection
EndGlobal
